
Microsoft Visual Studio Solution File, Format Version 12.00
# Visual Studio Version 17
VisualStudioVersion = 17.0.32014.148
MinimumVisualStudioVersion = 10.0.40219.1
Project("{2150E333-8FDC-42A3-9474-1A3956D46DE8}") = "Tests", "Tests", "{3E727367-4A63-48A5-BC90-CE5A25248399}"
EndProject
Project("{2150E333-8FDC-42A3-9474-1A3956D46DE8}") = "Src", "Src", "{568274A4-DB7E-46B3-9329-15710DEA8FF4}"
EndProject
Project("{2150E333-8FDC-42A3-9474-1A3956D46DE8}") = "Solution Items", "Solution Items", "{32A2FA86-23D8-4352-BA76-99A390E0329A}"
EndProject
Project("{2150E333-8FDC-42A3-9474-1A3956D46DE8}") = "Doc", "Doc", "{6F9E28E5-111F-41C8-B06D-7ED20D9C4184}"
EndProject
Project("{2150E333-8FDC-42A3-9474-1A3956D46DE8}") = "Core", "Core", "{29C4F74F-22B0-46E4-9C8A-14610ABB5B51}"
EndProject
Project("{2150E333-8FDC-42A3-9474-1A3956D46DE8}") = "Infrastructures", "Infrastructures", "{F9877984-4C0A-4A29-A5E0-3FF3F1AB6EF6}"
EndProject
Project("{2150E333-8FDC-42A3-9474-1A3956D46DE8}") = "Presentation", "Presentation", "{9E052E81-45D4-42DF-9850-FE8607E2569E}"
EndProject
Project("{9A19103F-16F7-4668-BE54-9A1E7A4F7556}") = "Domain", "Domain\Domain.csproj", "{5816E38B-C5FA-4625-8ACE-B8582B713D1F}"
EndProject
Project("{9A19103F-16F7-4668-BE54-9A1E7A4F7556}") = "Application", "Application\Application.csproj", "{C873F5CC-FDE9-436B-AFF1-599F45918DF8}"
EndProject
Project("{9A19103F-16F7-4668-BE54-9A1E7A4F7556}") = "Infrastructure", "Infrastructure\Infrastructure.csproj", "{52E5757C-83AF-4675-8C3C-6FBD5AF99C34}"
EndProject
Project("{9A19103F-16F7-4668-BE54-9A1E7A4F7556}") = "Persistance", "Persistance\Persistance.csproj", "{F91B0C9B-E313-4AA9-98FA-7A52ACC3E0FA}"
EndProject
Project("{9A19103F-16F7-4668-BE54-9A1E7A4F7556}") = "WebSite.EndPoint", "WebSite.EndPoint\WebSite.EndPoint.csproj", "{2DBDADD2-0757-4D8E-BCC2-EAC9925BBCEF}"
EndProject
Project("{9A19103F-16F7-4668-BE54-9A1E7A4F7556}") = "Admin.EndPoint", "Admin.EndPoint\Admin.EndPoint.csproj", "{0925A7D3-0507-43FA-8A3A-5AC798621540}"
EndProject
Project("{2150E333-8FDC-42A3-9474-1A3956D46DE8}") = "Commons", "Commons", "{D30F3725-A166-4A18-B657-4D53B50CDDEE}"
EndProject
Project("{FAE04EC0-301F-11D3-BF4B-00C04F79EFBC}") = "Common", "Common\Common.csproj", "{3CCB50DB-F91F-46BE-B205-E4875DCF105E}"
EndProject
Global
	GlobalSection(SolutionConfigurationPlatforms) = preSolution
		Debug|Any CPU = Debug|Any CPU
		Release|Any CPU = Release|Any CPU
	EndGlobalSection
	GlobalSection(ProjectConfigurationPlatforms) = postSolution
		{5816E38B-C5FA-4625-8ACE-B8582B713D1F}.Debug|Any CPU.ActiveCfg = Debug|Any CPU
		{5816E38B-C5FA-4625-8ACE-B8582B713D1F}.Debug|Any CPU.Build.0 = Debug|Any CPU
		{5816E38B-C5FA-4625-8ACE-B8582B713D1F}.Release|Any CPU.ActiveCfg = Release|Any CPU
		{5816E38B-C5FA-4625-8ACE-B8582B713D1F}.Release|Any CPU.Build.0 = Release|Any CPU
		{C873F5CC-FDE9-436B-AFF1-599F45918DF8}.Debug|Any CPU.ActiveCfg = Debug|Any CPU
		{C873F5CC-FDE9-436B-AFF1-599F45918DF8}.Debug|Any CPU.Build.0 = Debug|Any CPU
		{C873F5CC-FDE9-436B-AFF1-599F45918DF8}.Release|Any CPU.ActiveCfg = Release|Any CPU
		{C873F5CC-FDE9-436B-AFF1-599F45918DF8}.Release|Any CPU.Build.0 = Release|Any CPU
		{52E5757C-83AF-4675-8C3C-6FBD5AF99C34}.Debug|Any CPU.ActiveCfg = Debug|Any CPU
		{52E5757C-83AF-4675-8C3C-6FBD5AF99C34}.Debug|Any CPU.Build.0 = Debug|Any CPU
		{52E5757C-83AF-4675-8C3C-6FBD5AF99C34}.Release|Any CPU.ActiveCfg = Release|Any CPU
		{52E5757C-83AF-4675-8C3C-6FBD5AF99C34}.Release|Any CPU.Build.0 = Release|Any CPU
		{F91B0C9B-E313-4AA9-98FA-7A52ACC3E0FA}.Debug|Any CPU.ActiveCfg = Debug|Any CPU
		{F91B0C9B-E313-4AA9-98FA-7A52ACC3E0FA}.Debug|Any CPU.Build.0 = Debug|Any CPU
		{F91B0C9B-E313-4AA9-98FA-7A52ACC3E0FA}.Release|Any CPU.ActiveCfg = Release|Any CPU
		{F91B0C9B-E313-4AA9-98FA-7A52ACC3E0FA}.Release|Any CPU.Build.0 = Release|Any CPU
		{2DBDADD2-0757-4D8E-BCC2-EAC9925BBCEF}.Debug|Any CPU.ActiveCfg = Debug|Any CPU
		{2DBDADD2-0757-4D8E-BCC2-EAC9925BBCEF}.Debug|Any CPU.Build.0 = Debug|Any CPU
		{2DBDADD2-0757-4D8E-BCC2-EAC9925BBCEF}.Release|Any CPU.ActiveCfg = Release|Any CPU
		{2DBDADD2-0757-4D8E-BCC2-EAC9925BBCEF}.Release|Any CPU.Build.0 = Release|Any CPU
		{0925A7D3-0507-43FA-8A3A-5AC798621540}.Debug|Any CPU.ActiveCfg = Debug|Any CPU
		{0925A7D3-0507-43FA-8A3A-5AC798621540}.Debug|Any CPU.Build.0 = Debug|Any CPU
		{0925A7D3-0507-43FA-8A3A-5AC798621540}.Release|Any CPU.ActiveCfg = Release|Any CPU
		{0925A7D3-0507-43FA-8A3A-5AC798621540}.Release|Any CPU.Build.0 = Release|Any CPU
		{3CCB50DB-F91F-46BE-B205-E4875DCF105E}.Debug|Any CPU.ActiveCfg = Debug|Any CPU
		{3CCB50DB-F91F-46BE-B205-E4875DCF105E}.Debug|Any CPU.Build.0 = Debug|Any CPU
		{3CCB50DB-F91F-46BE-B205-E4875DCF105E}.Release|Any CPU.ActiveCfg = Release|Any CPU
		{3CCB50DB-F91F-46BE-B205-E4875DCF105E}.Release|Any CPU.Build.0 = Release|Any CPU
	EndGlobalSection
	GlobalSection(SolutionProperties) = preSolution
		HideSolutionNode = FALSE
	EndGlobalSection
	GlobalSection(NestedProjects) = preSolution
		{29C4F74F-22B0-46E4-9C8A-14610ABB5B51} = {568274A4-DB7E-46B3-9329-15710DEA8FF4}
		{F9877984-4C0A-4A29-A5E0-3FF3F1AB6EF6} = {568274A4-DB7E-46B3-9329-15710DEA8FF4}
		{9E052E81-45D4-42DF-9850-FE8607E2569E} = {568274A4-DB7E-46B3-9329-15710DEA8FF4}
		{5816E38B-C5FA-4625-8ACE-B8582B713D1F} = {29C4F74F-22B0-46E4-9C8A-14610ABB5B51}
		{C873F5CC-FDE9-436B-AFF1-599F45918DF8} = {29C4F74F-22B0-46E4-9C8A-14610ABB5B51}
		{52E5757C-83AF-4675-8C3C-6FBD5AF99C34} = {F9877984-4C0A-4A29-A5E0-3FF3F1AB6EF6}
		{F91B0C9B-E313-4AA9-98FA-7A52ACC3E0FA} = {F9877984-4C0A-4A29-A5E0-3FF3F1AB6EF6}
		{2DBDADD2-0757-4D8E-BCC2-EAC9925BBCEF} = {9E052E81-45D4-42DF-9850-FE8607E2569E}
		{0925A7D3-0507-43FA-8A3A-5AC798621540} = {9E052E81-45D4-42DF-9850-FE8607E2569E}
		{D30F3725-A166-4A18-B657-4D53B50CDDEE} = {568274A4-DB7E-46B3-9329-15710DEA8FF4}
		{3CCB50DB-F91F-46BE-B205-E4875DCF105E} = {D30F3725-A166-4A18-B657-4D53B50CDDEE}
	EndGlobalSection
	GlobalSection(ExtensibilityGlobals) = postSolution
		SolutionGuid = {0D886F75-FA0C-4014-806C-B49352095A44}
	EndGlobalSection
EndGlobal
